
Microsoft Visual Studio Solution File, Format Version 12.00
# Visual Studio Version 17
VisualStudioVersion = 17.10.35013.160
MinimumVisualStudioVersion = 10.0.40219.1
Project("{FAE04EC0-301F-11D3-BF4B-00C04F79EFBC}") = "AngularApp1.Server", "AngularApp1.Server\AngularApp1.Server.csproj", "{9863FE77-CB55-4230-9E14-ACBCF53D1A86}"
EndProject
Project("{54A90642-561A-4BB1-A94E-469ADEE60C69}") = "angularapp1.client", "angularapp1.client\angularapp1.client.esproj", "{CF110141-CF11-4344-B33B-AC0CF566B68A}"
EndProject
Global
	GlobalSection(SolutionConfigurationPlatforms) = preSolution
		Debug|Any CPU = Debug|Any CPU
		Release|Any CPU = Release|Any CPU
	EndGlobalSection
	GlobalSection(ProjectConfigurationPlatforms) = postSolution
		{9863FE77-CB55-4230-9E14-ACBCF53D1A86}.Debug|Any CPU.ActiveCfg = Debug|Any CPU
		{9863FE77-CB55-4230-9E14-ACBCF53D1A86}.Debug|Any CPU.Build.0 = Debug|Any CPU
		{9863FE77-CB55-4230-9E14-ACBCF53D1A86}.Release|Any CPU.ActiveCfg = Release|Any CPU
		{9863FE77-CB55-4230-9E14-ACBCF53D1A86}.Release|Any CPU.Build.0 = Release|Any CPU
		{CF110141-CF11-4344-B33B-AC0CF566B68A}.Debug|Any CPU.ActiveCfg = Debug|Any CPU
		{CF110141-CF11-4344-B33B-AC0CF566B68A}.Debug|Any CPU.Build.0 = Debug|Any CPU
		{CF110141-CF11-4344-B33B-AC0CF566B68A}.Debug|Any CPU.Deploy.0 = Debug|Any CPU
		{CF110141-CF11-4344-B33B-AC0CF566B68A}.Release|Any CPU.ActiveCfg = Release|Any CPU
		{CF110141-CF11-4344-B33B-AC0CF566B68A}.Release|Any CPU.Build.0 = Release|Any CPU
		{CF110141-CF11-4344-B33B-AC0CF566B68A}.Release|Any CPU.Deploy.0 = Release|Any CPU
	EndGlobalSection
	GlobalSection(SolutionProperties) = preSolution
		HideSolutionNode = FALSE
	EndGlobalSection
	GlobalSection(ExtensibilityGlobals) = postSolution
		SolutionGuid = {8F79B3B6-0EF6-4301-8D8F-5B6ADFE64067}
	EndGlobalSection
EndGlobal
